
Microsoft Visual Studio Solution File, Format Version 12.00
# Visual Studio Version 16
VisualStudioVersion = 25.0.1706.14
MinimumVisualStudioVersion = 10.0.40219.1
Project("{FAE04EC0-301F-11D3-BF4B-00C04F79EFBC}") = "Generic.domain", "Task1\Generic.domain.csproj", "{A57C3297-29E3-4F9E-971C-848D65D357A6}"
EndProject
Project("{FAE04EC0-301F-11D3-BF4B-00C04F79EFBC}") = "Task2", "Task2\Task2.csproj", "{1DE4EB42-A70C-4DA4-A417-F00EAFB950FE}"
EndProject
Global
	GlobalSection(SolutionConfigurationPlatforms) = preSolution
		Debug|Any CPU = Debug|Any CPU
		Release|Any CPU = Release|Any CPU
	EndGlobalSection
	GlobalSection(ProjectConfigurationPlatforms) = postSolution
		{A57C3297-29E3-4F9E-971C-848D65D357A6}.Debug|Any CPU.ActiveCfg = Debug|Any CPU
		{A57C3297-29E3-4F9E-971C-848D65D357A6}.Debug|Any CPU.Build.0 = Debug|Any CPU
		{A57C3297-29E3-4F9E-971C-848D65D357A6}.Release|Any CPU.ActiveCfg = Release|Any CPU
		{A57C3297-29E3-4F9E-971C-848D65D357A6}.Release|Any CPU.Build.0 = Release|Any CPU
		{1DE4EB42-A70C-4DA4-A417-F00EAFB950FE}.Debug|Any CPU.ActiveCfg = Debug|Any CPU
		{1DE4EB42-A70C-4DA4-A417-F00EAFB950FE}.Debug|Any CPU.Build.0 = Debug|Any CPU
		{1DE4EB42-A70C-4DA4-A417-F00EAFB950FE}.Release|Any CPU.ActiveCfg = Release|Any CPU
		{1DE4EB42-A70C-4DA4-A417-F00EAFB950FE}.Release|Any CPU.Build.0 = Release|Any CPU
	EndGlobalSection
	GlobalSection(SolutionProperties) = preSolution
		HideSolutionNode = FALSE
	EndGlobalSection
	GlobalSection(ExtensibilityGlobals) = postSolution
		SolutionGuid = {98623CF5-F7EC-4511-85C7-67019EB7657F}
	EndGlobalSection
EndGlobal
