
Microsoft Visual Studio Solution File, Format Version 12.00
# Visual Studio Version 16
VisualStudioVersion = 25.0.1706.14
MinimumVisualStudioVersion = 10.0.40219.1
Project("{FAE04EC0-301F-11D3-BF4B-00C04F79EFBC}") = "interfaceHomework", "interfaceHomework\interfaceHomework.csproj", "{FD23DC94-2004-4495-8BFA-1EB3495F4DDF}"
EndProject
Global
	GlobalSection(SolutionConfigurationPlatforms) = preSolution
		Debug|Any CPU = Debug|Any CPU
		Release|Any CPU = Release|Any CPU
	EndGlobalSection
	GlobalSection(ProjectConfigurationPlatforms) = postSolution
		{FD23DC94-2004-4495-8BFA-1EB3495F4DDF}.Debug|Any CPU.ActiveCfg = Debug|Any CPU
		{FD23DC94-2004-4495-8BFA-1EB3495F4DDF}.Debug|Any CPU.Build.0 = Debug|Any CPU
		{FD23DC94-2004-4495-8BFA-1EB3495F4DDF}.Release|Any CPU.ActiveCfg = Release|Any CPU
		{FD23DC94-2004-4495-8BFA-1EB3495F4DDF}.Release|Any CPU.Build.0 = Release|Any CPU
	EndGlobalSection
	GlobalSection(SolutionProperties) = preSolution
		HideSolutionNode = FALSE
	EndGlobalSection
	GlobalSection(ExtensibilityGlobals) = postSolution
		SolutionGuid = {96A6603C-04B9-4C93-9543-6A896D564A86}
	EndGlobalSection
EndGlobal
